
Microsoft Visual Studio Solution File, Format Version 12.00
# Visual Studio 14
VisualStudioVersion = 14.0.25420.1
MinimumVisualStudioVersion = 10.0.40219.1
Project("{FAE04EC0-301F-11D3-BF4B-00C04F79EFBC}") = "TeduShop.Common", "TeduShop.Common\TeduShop.Common.csproj", "{F0000419-38DC-45A7-A271-8E5070CD1E06}"
EndProject
Project("{FAE04EC0-301F-11D3-BF4B-00C04F79EFBC}") = "TeduShop.Model", "TeduShop.Model\TeduShop.Model.csproj", "{1C34CB0E-4407-4262-94C1-14557988A064}"
EndProject
Project("{FAE04EC0-301F-11D3-BF4B-00C04F79EFBC}") = "TeduShop.Data", "TeduShop.Data\TeduShop.Data.csproj", "{23386793-24AC-4AA7-80DD-212EB4C8C002}"
EndProject
Project("{FAE04EC0-301F-11D3-BF4B-00C04F79EFBC}") = "TeduShop.Service", "TeduShop.Service\TeduShop.Service.csproj", "{32056A35-C3E9-4781-94FD-5DE26E139579}"
EndProject
Project("{FAE04EC0-301F-11D3-BF4B-00C04F79EFBC}") = "TeduShop.Web", "TeduShop.Web\TeduShop.Web.csproj", "{F92FA4D9-48E3-4B1C-B694-D176486D30F3}"
EndProject
Project("{FAE04EC0-301F-11D3-BF4B-00C04F79EFBC}") = "TeduShop.UnitTest", "TeduShop.UnitTest\TeduShop.UnitTest.csproj", "{AD6FC92C-F671-4662-AA62-63D4A90AD686}"
EndProject
Global
	GlobalSection(SolutionConfigurationPlatforms) = preSolution
		Debug|Any CPU = Debug|Any CPU
		Release|Any CPU = Release|Any CPU
	EndGlobalSection
	GlobalSection(ProjectConfigurationPlatforms) = postSolution
		{F0000419-38DC-45A7-A271-8E5070CD1E06}.Debug|Any CPU.ActiveCfg = Debug|Any CPU
		{F0000419-38DC-45A7-A271-8E5070CD1E06}.Debug|Any CPU.Build.0 = Debug|Any CPU
		{F0000419-38DC-45A7-A271-8E5070CD1E06}.Release|Any CPU.ActiveCfg = Release|Any CPU
		{F0000419-38DC-45A7-A271-8E5070CD1E06}.Release|Any CPU.Build.0 = Release|Any CPU
		{1C34CB0E-4407-4262-94C1-14557988A064}.Debug|Any CPU.ActiveCfg = Debug|Any CPU
		{1C34CB0E-4407-4262-94C1-14557988A064}.Debug|Any CPU.Build.0 = Debug|Any CPU
		{1C34CB0E-4407-4262-94C1-14557988A064}.Release|Any CPU.ActiveCfg = Release|Any CPU
		{1C34CB0E-4407-4262-94C1-14557988A064}.Release|Any CPU.Build.0 = Release|Any CPU
		{23386793-24AC-4AA7-80DD-212EB4C8C002}.Debug|Any CPU.ActiveCfg = Debug|Any CPU
		{23386793-24AC-4AA7-80DD-212EB4C8C002}.Debug|Any CPU.Build.0 = Debug|Any CPU
		{23386793-24AC-4AA7-80DD-212EB4C8C002}.Release|Any CPU.ActiveCfg = Release|Any CPU
		{23386793-24AC-4AA7-80DD-212EB4C8C002}.Release|Any CPU.Build.0 = Release|Any CPU
		{32056A35-C3E9-4781-94FD-5DE26E139579}.Debug|Any CPU.ActiveCfg = Debug|Any CPU
		{32056A35-C3E9-4781-94FD-5DE26E139579}.Debug|Any CPU.Build.0 = Debug|Any CPU
		{32056A35-C3E9-4781-94FD-5DE26E139579}.Release|Any CPU.ActiveCfg = Release|Any CPU
		{32056A35-C3E9-4781-94FD-5DE26E139579}.Release|Any CPU.Build.0 = Release|Any CPU
		{F92FA4D9-48E3-4B1C-B694-D176486D30F3}.Debug|Any CPU.ActiveCfg = Debug|Any CPU
		{F92FA4D9-48E3-4B1C-B694-D176486D30F3}.Debug|Any CPU.Build.0 = Debug|Any CPU
		{F92FA4D9-48E3-4B1C-B694-D176486D30F3}.Release|Any CPU.ActiveCfg = Release|Any CPU
		{F92FA4D9-48E3-4B1C-B694-D176486D30F3}.Release|Any CPU.Build.0 = Release|Any CPU
		{AD6FC92C-F671-4662-AA62-63D4A90AD686}.Debug|Any CPU.ActiveCfg = Debug|Any CPU
		{AD6FC92C-F671-4662-AA62-63D4A90AD686}.Debug|Any CPU.Build.0 = Debug|Any CPU
		{AD6FC92C-F671-4662-AA62-63D4A90AD686}.Release|Any CPU.ActiveCfg = Release|Any CPU
		{AD6FC92C-F671-4662-AA62-63D4A90AD686}.Release|Any CPU.Build.0 = Release|Any CPU
	EndGlobalSection
	GlobalSection(SolutionProperties) = preSolution
		HideSolutionNode = FALSE
	EndGlobalSection
EndGlobal
